// !$*UTF8*$!
{
	archiveVersion = 1;
	classes = {
	};
	objectVersion = 46;
	objects = {

/* Begin PBXBuildFile section */
		6003F58E195388D20070C39A /* Foundation.framework in Frameworks */ = {isa = PBXBuildFile; fileRef = 6003F58D195388D20070C39A /* Foundation.framework */; };
		6003F590195388D20070C39A /* CoreGraphics.framework in Frameworks */ = {isa = PBXBuildFile; fileRef = 6003F58F195388D20070C39A /* CoreGraphics.framework */; };
		6003F592195388D20070C39A /* UIKit.framework in Frameworks */ = {isa = PBXBuildFile; fileRef = 6003F591195388D20070C39A /* UIKit.framework */; };
		6003F598195388D20070C39A /* InfoPlist.strings in Resources */ = {isa = PBXBuildFile; fileRef = 6003F596195388D20070C39A /* InfoPlist.strings */; };
		6003F59A195388D20070C39A /* main.m in Sources */ = {isa = PBXBuildFile; fileRef = 6003F599195388D20070C39A /* main.m */; };
		6003F59E195388D20070C39A /* CSAppDelegate.m in Sources */ = {isa = PBXBuildFile; fileRef = 6003F59D195388D20070C39A /* CSAppDelegate.m */; };
		6003F5A7195388D20070C39A /* CSViewController.m in Sources */ = {isa = PBXBuildFile; fileRef = 6003F5A6195388D20070C39A /* CSViewController.m */; };
		6003F5A9195388D20070C39A /* Images.xcassets in Resources */ = {isa = PBXBuildFile; fileRef = 6003F5A8195388D20070C39A /* Images.xcassets */; };
		7A089F381BF042280077BAAC /* IMG_0355.JPG in Resources */ = {isa = PBXBuildFile; fileRef = 7A089F371BF042280077BAAC /* IMG_0355.JPG */; };
		7A089F3C1BF042360077BAAC /* HTML1.html in Resources */ = {isa = PBXBuildFile; fileRef = 7A089F391BF042360077BAAC /* HTML1.html */; };
		7A089F3D1BF042360077BAAC /* HTML2.html in Resources */ = {isa = PBXBuildFile; fileRef = 7A089F3A1BF042360077BAAC /* HTML2.html */; };
		7A089F3E1BF042360077BAAC /* HTML3.html in Resources */ = {isa = PBXBuildFile; fileRef = 7A089F3B1BF042360077BAAC /* HTML3.html */; };
		7A089F401BF049EE0077BAAC /* LaunchScreen.storyboard in Resources */ = {isa = PBXBuildFile; fileRef = 7A089F3F1BF049EE0077BAAC /* LaunchScreen.storyboard */; };
		7A0EB18E1CC9F7E2006A90E8 /* LongHtml.html in Resources */ = {isa = PBXBuildFile; fileRef = 7A0EB18D1CC9F7E2006A90E8 /* LongHtml.html */; };
		7A222FE11BF595CE00A783CB /* CSLabel.podspec in Resources */ = {isa = PBXBuildFile; fileRef = 7A222FE01BF595CE00A783CB /* CSLabel.podspec */; };
		7AA6D28E1C43884000FEF033 /* Plan_h.png in Resources */ = {isa = PBXBuildFile; fileRef = 7AA6D28D1C43884000FEF033 /* Plan_h.png */; };
		7AA6D2901C4388C900FEF033 /* download.gif in Resources */ = {isa = PBXBuildFile; fileRef = 7AA6D28F1C4388C900FEF033 /* download.gif */; };
		873B8AEB1B1F5CCA007FD442 /* Main.storyboard in Resources */ = {isa = PBXBuildFile; fileRef = 873B8AEA1B1F5CCA007FD442 /* Main.storyboard */; };
		DCA88B59DFBFF24EFA50CA4F /* Pods_CSLabel_Example.framework in Frameworks */ = {isa = PBXBuildFile; fileRef = 64E381A12E2EB25D1A4A520C /* Pods_CSLabel_Example.framework */; };
/* End PBXBuildFile section */

/* Begin PBXFileReference section */
		3C479818A14FEBCC069F76CA /* Pods-CSLabel_Example.debug.xcconfig */ = {isa = PBXFileReference; includeInIndex = 1; lastKnownFileType = text.xcconfig; name = "Pods-CSLabel_Example.debug.xcconfig"; path = "Pods/Target Support Files/Pods-CSLabel_Example/Pods-CSLabel_Example.debug.xcconfig"; sourceTree = "<group>"; };
		6003F58A195388D20070C39A /* CSLabel_Example.app */ = {isa = PBXFileReference; explicitFileType = wrapper.application; includeInIndex = 0; path = CSLabel_Example.app; sourceTree = BUILT_PRODUCTS_DIR; };
		6003F58D195388D20070C39A /* Foundation.framework */ = {isa = PBXFileReference; lastKnownFileType = wrapper.framework; name = Foundation.framework; path = System/Library/Frameworks/Foundation.framework; sourceTree = SDKROOT; };
		6003F58F195388D20070C39A /* CoreGraphics.framework */ = {isa = PBXFileReference; lastKnownFileType = wrapper.framework; name = CoreGraphics.framework; path = System/Library/Frameworks/CoreGraphics.framework; sourceTree = SDKROOT; };
		6003F591195388D20070C39A /* UIKit.framework */ = {isa = PBXFileReference; lastKnownFileType = wrapper.framework; name = UIKit.framework; path = System/Library/Frameworks/UIKit.framework; sourceTree = SDKROOT; };
		6003F595195388D20070C39A /* CSLabel-Info.plist */ = {isa = PBXFileReference; lastKnownFileType = text.plist.xml; path = "CSLabel-Info.plist"; sourceTree = "<group>"; };
		6003F597195388D20070C39A /* en */ = {isa = PBXFileReference; lastKnownFileType = text.plist.strings; name = en; path = en.lproj/InfoPlist.strings; sourceTree = "<group>"; };
		6003F599195388D20070C39A /* main.m */ = {isa = PBXFileReference; lastKnownFileType = sourcecode.c.objc; path = main.m; sourceTree = "<group>"; };
		6003F59B195388D20070C39A /* CSLabel-Prefix.pch */ = {isa = PBXFileReference; lastKnownFileType = sourcecode.c.h; path = "CSLabel-Prefix.pch"; sourceTree = "<group>"; };
		6003F59C195388D20070C39A /* CSAppDelegate.h */ = {isa = PBXFileReference; lastKnownFileType = sourcecode.c.h; path = CSAppDelegate.h; sourceTree = "<group>"; };
		6003F59D195388D20070C39A /* CSAppDelegate.m */ = {isa = PBXFileReference; lastKnownFileType = sourcecode.c.objc; path = CSAppDelegate.m; sourceTree = "<group>"; };
		6003F5A5195388D20070C39A /* CSViewController.h */ = {isa = PBXFileReference; lastKnownFileType = sourcecode.c.h; path = CSViewController.h; sourceTree = "<group>"; };
		6003F5A6195388D20070C39A /* CSViewController.m */ = {isa = PBXFileReference; lastKnownFileType = sourcecode.c.objc; path = CSViewController.m; sourceTree = "<group>"; };
		6003F5A8195388D20070C39A /* Images.xcassets */ = {isa = PBXFileReference; lastKnownFileType = folder.assetcatalog; path = Images.xcassets; sourceTree = "<group>"; };
		64E381A12E2EB25D1A4A520C /* Pods_CSLabel_Example.framework */ = {isa = PBXFileReference; explicitFileType = wrapper.framework; includeInIndex = 0; path = Pods_CSLabel_Example.framework; sourceTree = BUILT_PRODUCTS_DIR; };
		7A089F371BF042280077BAAC /* IMG_0355.JPG */ = {isa = PBXFileReference; lastKnownFileType = image.jpeg; path = IMG_0355.JPG; sourceTree = "<group>"; };
		7A089F391BF042360077BAAC /* HTML1.html */ = {isa = PBXFileReference; fileEncoding = 4; lastKnownFileType = text.html; path = HTML1.html; sourceTree = "<group>"; };
		7A089F3A1BF042360077BAAC /* HTML2.html */ = {isa = PBXFileReference; fileEncoding = 4; lastKnownFileType = text.html; path = HTML2.html; sourceTree = "<group>"; };
		7A089F3B1BF042360077BAAC /* HTML3.html */ = {isa = PBXFileReference; fileEncoding = 4; lastKnownFileType = text.html; path = HTML3.html; sourceTree = "<group>"; };
		7A089F3F1BF049EE0077BAAC /* LaunchScreen.storyboard */ = {isa = PBXFileReference; fileEncoding = 4; lastKnownFileType = file.storyboard; path = LaunchScreen.storyboard; sourceTree = "<group>"; };
		7A0EB18D1CC9F7E2006A90E8 /* LongHtml.html */ = {isa = PBXFileReference; fileEncoding = 4; lastKnownFileType = text.html; path = LongHtml.html; sourceTree = "<group>"; };
		7A222FE01BF595CE00A783CB /* CSLabel.podspec */ = {isa = PBXFileReference; fileEncoding = 4; lastKnownFileType = text; name = CSLabel.podspec; path = ../CSLabel.podspec; sourceTree = "<group>"; xcLanguageSpecificationIdentifier = xcode.lang.ruby; };
		7AA6D28D1C43884000FEF033 /* Plan_h.png */ = {isa = PBXFileReference; lastKnownFileType = image.png; path = Plan_h.png; sourceTree = "<group>"; };
		7AA6D28F1C4388C900FEF033 /* download.gif */ = {isa = PBXFileReference; lastKnownFileType = image.gif; path = download.gif; sourceTree = "<group>"; };
		873B8AEA1B1F5CCA007FD442 /* Main.storyboard */ = {isa = PBXFileReference; fileEncoding = 4; lastKnownFileType = file.storyboard; path = Main.storyboard; sourceTree = "<group>"; };
		880F30A2BFDFDD0D6B35EF01 /* Pods-CSLabel_Example.release.xcconfig */ = {isa = PBXFileReference; includeInIndex = 1; lastKnownFileType = text.xcconfig; name = "Pods-CSLabel_Example.release.xcconfig"; path = "Pods/Target Support Files/Pods-CSLabel_Example/Pods-CSLabel_Example.release.xcconfig"; sourceTree = "<group>"; };
		BCCC474E2A21EA1DF9AF4BF0 /* Pods-CSLabel_Tests.debug.xcconfig */ = {isa = PBXFileReference; includeInIndex = 1; lastKnownFileType = text.xcconfig; name = "Pods-CSLabel_Tests.debug.xcconfig"; path = "Pods/Target Support Files/Pods-CSLabel_Tests/Pods-CSLabel_Tests.debug.xcconfig"; sourceTree = "<group>"; };
		E830BDBB43BD5CE371BC8C0C /* Pods-CSLabel_Tests.release.xcconfig */ = {isa = PBXFileReference; includeInIndex = 1; lastKnownFileType = text.xcconfig; name = "Pods-CSLabel_Tests.release.xcconfig"; path = "Pods/Target Support Files/Pods-CSLabel_Tests/Pods-CSLabel_Tests.release.xcconfig"; sourceTree = "<group>"; };
/* End PBXFileReference section */

/* Begin PBXFrameworksBuildPhase section */
		6003F587195388D20070C39A /* Frameworks */ = {
			isa = PBXFrameworksBuildPhase;
			buildActionMask = 2147483647;
			files = (
				6003F590195388D20070C39A /* CoreGraphics.framework in Frameworks */,
				6003F592195388D20070C39A /* UIKit.framework in Frameworks */,
				6003F58E195388D20070C39A /* Foundation.framework in Frameworks */,
				DCA88B59DFBFF24EFA50CA4F /* Pods_CSLabel_Example.framework in Frameworks */,
			);
			runOnlyForDeploymentPostprocessing = 0;
		};
/* End PBXFrameworksBuildPhase section */

/* Begin PBXGroup section */
		6003F581195388D10070C39A = {
			isa = PBXGroup;
			children = (
				7A222FE01BF595CE00A783CB /* CSLabel.podspec */,
				6003F593195388D20070C39A /* Example */,
				6003F58C195388D20070C39A /* Frameworks */,
				6003F58B195388D20070C39A /* Products */,
				B22E34471A6CEB38CF23632D /* Pods */,
			);
			sourceTree = "<group>";
		};
		6003F58B195388D20070C39A /* Products */ = {
			isa = PBXGroup;
			children = (
				6003F58A195388D20070C39A /* CSLabel_Example.app */,
			);
			name = Products;
			sourceTree = "<group>";
		};
		6003F58C195388D20070C39A /* Frameworks */ = {
			isa = PBXGroup;
			children = (
				6003F58D195388D20070C39A /* Foundation.framework */,
				6003F58F195388D20070C39A /* CoreGraphics.framework */,
				6003F591195388D20070C39A /* UIKit.framework */,
				64E381A12E2EB25D1A4A520C /* Pods_CSLabel_Example.framework */,
			);
			name = Frameworks;
			sourceTree = "<group>";
		};
		6003F593195388D20070C39A /* Example */ = {
			isa = PBXGroup;
			children = (
				7A089F391BF042360077BAAC /* HTML1.html */,
				7A089F3A1BF042360077BAAC /* HTML2.html */,
				7A089F3B1BF042360077BAAC /* HTML3.html */,
				7A0EB18D1CC9F7E2006A90E8 /* LongHtml.html */,
				7AA6D28F1C4388C900FEF033 /* download.gif */,
				7AA6D28D1C43884000FEF033 /* Plan_h.png */,
				7A089F371BF042280077BAAC /* IMG_0355.JPG */,
				6003F59C195388D20070C39A /* CSAppDelegate.h */,
				6003F59D195388D20070C39A /* CSAppDelegate.m */,
				6003F5A5195388D20070C39A /* CSViewController.h */,
				6003F5A6195388D20070C39A /* CSViewController.m */,
				873B8AEA1B1F5CCA007FD442 /* Main.storyboard */,
				6003F5A8195388D20070C39A /* Images.xcassets */,
				7A089F3F1BF049EE0077BAAC /* LaunchScreen.storyboard */,
				6003F594195388D20070C39A /* Supporting Files */,
			);
			name = Example;
			path = CSLabel;
			sourceTree = "<group>";
		};
		6003F594195388D20070C39A /* Supporting Files */ = {
			isa = PBXGroup;
			children = (
				6003F595195388D20070C39A /* CSLabel-Info.plist */,
				6003F596195388D20070C39A /* InfoPlist.strings */,
				6003F599195388D20070C39A /* main.m */,
				6003F59B195388D20070C39A /* CSLabel-Prefix.pch */,
			);
			name = "Supporting Files";
			sourceTree = "<group>";
		};
		B22E34471A6CEB38CF23632D /* Pods */ = {
			isa = PBXGroup;
			children = (
				3C479818A14FEBCC069F76CA /* Pods-CSLabel_Example.debug.xcconfig */,
				880F30A2BFDFDD0D6B35EF01 /* Pods-CSLabel_Example.release.xcconfig */,
				BCCC474E2A21EA1DF9AF4BF0 /* Pods-CSLabel_Tests.debug.xcconfig */,
				E830BDBB43BD5CE371BC8C0C /* Pods-CSLabel_Tests.release.xcconfig */,
			);
			name = Pods;
			sourceTree = "<group>";
		};
/* End PBXGroup section */

/* Begin PBXNativeTarget section */
		6003F589195388D20070C39A /* CSLabel_Example */ = {
			isa = PBXNativeTarget;
			buildConfigurationList = 6003F5BF195388D20070C39A /* Build configuration list for PBXNativeTarget "CSLabel_Example" */;
			buildPhases = (
				85B25C654770176FF6377A19 /* [CP] Check Pods Manifest.lock */,
				791049A69CDEDCE895FFB898 /* Check Pods Manifest.lock */,
				6003F586195388D20070C39A /* Sources */,
				6003F587195388D20070C39A /* Frameworks */,
				6003F588195388D20070C39A /* Resources */,
				D9DE860877D0098408BD9512 /* Embed Pods Frameworks */,
				80EB8F0C0797EFAC71AE71D2 /* [CP] Embed Pods Frameworks */,
			);
			buildRules = (
			);
			dependencies = (
			);
			name = CSLabel_Example;
			productName = CSLabel;
			productReference = 6003F58A195388D20070C39A /* CSLabel_Example.app */;
			productType = "com.apple.product-type.application";
		};
/* End PBXNativeTarget section */

/* Begin PBXProject section */
		6003F582195388D10070C39A /* Project object */ = {
			isa = PBXProject;
			attributes = {
				CLASSPREFIX = CS;
				LastUpgradeCheck = 0700;
				ORGANIZATIONNAME = winddpan;
			};
			buildConfigurationList = 6003F585195388D10070C39A /* Build configuration list for PBXProject "CSLabel" */;
			compatibilityVersion = "Xcode 3.2";
			developmentRegion = English;
			hasScannedForEncodings = 0;
			knownRegions = (
				English,
				en,
				Base,
			);
			mainGroup = 6003F581195388D10070C39A;
			productRefGroup = 6003F58B195388D20070C39A /* Products */;
			projectDirPath = "";
			projectRoot = "";
			targets = (
				6003F589195388D20070C39A /* CSLabel_Example */,
			);
		};
/* End PBXProject section */

/* Begin PBXResourcesBuildPhase section */
		6003F588195388D20070C39A /* Resources */ = {
			isa = PBXResourcesBuildPhase;
			buildActionMask = 2147483647;
			files = (
				7A089F3C1BF042360077BAAC /* HTML1.html in Resources */,
				7A0EB18E1CC9F7E2006A90E8 /* LongHtml.html in Resources */,
				7A089F401BF049EE0077BAAC /* LaunchScreen.storyboard in Resources */,
				7A089F3E1BF042360077BAAC /* HTML3.html in Resources */,
				7AA6D2901C4388C900FEF033 /* download.gif in Resources */,
				7A089F381BF042280077BAAC /* IMG_0355.JPG in Resources */,
				7A222FE11BF595CE00A783CB /* CSLabel.podspec in Resources */,
				7A089F3D1BF042360077BAAC /* HTML2.html in Resources */,
				873B8AEB1B1F5CCA007FD442 /* Main.storyboard in Resources */,
				6003F5A9195388D20070C39A /* Images.xcassets in Resources */,
				6003F598195388D20070C39A /* InfoPlist.strings in Resources */,
				7AA6D28E1C43884000FEF033 /* Plan_h.png in Resources */,
			);
			runOnlyForDeploymentPostprocessing = 0;
		};
/* End PBXResourcesBuildPhase section */

/* Begin PBXShellScriptBuildPhase section */
		791049A69CDEDCE895FFB898 /* Check Pods Manifest.lock */ = {
			isa = PBXShellScriptBuildPhase;
			buildActionMask = 2147483647;
			files = (
			);
			inputPaths = (
			);
			name = "Check Pods Manifest.lock";
			outputPaths = (
			);
			runOnlyForDeploymentPostprocessing = 0;
			shellPath = /bin/sh;
			shellScript = "diff \"${PODS_ROOT}/../Podfile.lock\" \"${PODS_ROOT}/Manifest.lock\" > /dev/null\nif [[ $? != 0 ]] ; then\n    cat << EOM\nerror: The sandbox is not in sync with the Podfile.lock. Run 'pod install' or update your CocoaPods installation.\nEOM\n    exit 1\nfi\n";
			showEnvVarsInLog = 0;
		};
		80EB8F0C0797EFAC71AE71D2 /* [CP] Embed Pods Frameworks */ = {
			isa = PBXShellScriptBuildPhase;
			buildActionMask = 2147483647;
			files = (
			);
			inputPaths = (
				"${PODS_ROOT}/Target Support Files/Pods-CSLabel_Example/Pods-CSLabel_Example-frameworks.sh",
				"${BUILT_PRODUCTS_DIR}/CSLabel/CSLabel.framework",
			);
			name = "[CP] Embed Pods Frameworks";
			outputPaths = (
				"${TARGET_BUILD_DIR}/${FRAMEWORKS_FOLDER_PATH}/CSLabel.framework",
			);
			runOnlyForDeploymentPostprocessing = 0;
			shellPath = /bin/sh;
			shellScript = "\"${PODS_ROOT}/Target Support Files/Pods-CSLabel_Example/Pods-CSLabel_Example-frameworks.sh\"\n";
			showEnvVarsInLog = 0;
		};
		85B25C654770176FF6377A19 /* [CP] Check Pods Manifest.lock */ = {
			isa = PBXShellScriptBuildPhase;
			buildActionMask = 2147483647;
			files = (
			);
			inputFileListPaths = (
			);
			inputPaths = (
				"${PODS_PODFILE_DIR_PATH}/Podfile.lock",
				"${PODS_ROOT}/Manifest.lock",
			);
			name = "[CP] Check Pods Manifest.lock";
			outputFileListPaths = (
			);
			outputPaths = (
				"$(DERIVED_FILE_DIR)/Pods-CSLabel_Example-checkManifestLockResult.txt",
			);
			runOnlyForDeploymentPostprocessing = 0;
			shellPath = /bin/sh;
			shellScript = "diff \"${PODS_PODFILE_DIR_PATH}/Podfile.lock\" \"${PODS_ROOT}/Manifest.lock\" > /dev/null\nif [ $? != 0 ] ; then\n    # print error to STDERR\n    echo \"error: The sandbox is not in sync with the Podfile.lock. Run 'pod install' or update your CocoaPods installation.\" >&2\n    exit 1\nfi\n# This output is used by Xcode 'outputs' to avoid re-running this script phase.\necho \"SUCCESS\" > \"${SCRIPT_OUTPUT_FILE_0}\"\n";
			showEnvVarsInLog = 0;
		};
		D9DE860877D0098408BD9512 /* Embed Pods Frameworks */ = {
			isa = PBXShellScriptBuildPhase;
			buildActionMask = 2147483647;
			files = (
			);
			inputPaths = (
			);
			name = "Embed Pods Frameworks";
			outputPaths = (
			);
			runOnlyForDeploymentPostprocessing = 0;
			shellPath = /bin/sh;
			shellScript = "\"${SRCROOT}/Pods/Target Support Files/Pods-CSLabel_Example/Pods-CSLabel_Example-frameworks.sh\"\n";
			showEnvVarsInLog = 0;
		};
/* End PBXShellScriptBuildPhase section */

/* Begin PBXSourcesBuildPhase section */
		6003F586195388D20070C39A /* Sources */ = {
			isa = PBXSourcesBuildPhase;
			buildActionMask = 2147483647;
			files = (
				6003F59E195388D20070C39A /* CSAppDelegate.m in Sources */,
				6003F5A7195388D20070C39A /* CSViewController.m in Sources */,
				6003F59A195388D20070C39A /* main.m in Sources */,
			);
			runOnlyForDeploymentPostprocessing = 0;
		};
/* End PBXSourcesBuildPhase section */

/* Begin PBXVariantGroup section */
		6003F596195388D20070C39A /* InfoPlist.strings */ = {
			isa = PBXVariantGroup;
			children = (
				6003F597195388D20070C39A /* en */,
			);
			name = InfoPlist.strings;
			sourceTree = "<group>";
		};
/* End PBXVariantGroup section */

/* Begin XCBuildConfiguration section */
		6003F5BD195388D20070C39A /* Debug */ = {
			isa = XCBuildConfiguration;
			buildSettings = {
				ALWAYS_SEARCH_USER_PATHS = NO;
				CLANG_CXX_LANGUAGE_STANDARD = "gnu++0x";
				CLANG_CXX_LIBRARY = "libc++";
				CLANG_ENABLE_MODULES = YES;
				CLANG_ENABLE_OBJC_ARC = YES;
				CLANG_WARN_BOOL_CONVERSION = YES;
				CLANG_WARN_CONSTANT_CONVERSION = YES;
				CLANG_WARN_DIRECT_OBJC_ISA_USAGE = YES_ERROR;
				CLANG_WARN_EMPTY_BODY = YES;
				CLANG_WARN_ENUM_CONVERSION = YES;
				CLANG_WARN_INT_CONVERSION = YES;
				CLANG_WARN_OBJC_ROOT_CLASS = YES_ERROR;
				CLANG_WARN__DUPLICATE_METHOD_MATCH = YES;
				"CODE_SIGN_IDENTITY[sdk=iphoneos*]" = "iPhone Developer";
				COPY_PHASE_STRIP = NO;
				ENABLE_TESTABILITY = YES;
				GCC_C_LANGUAGE_STANDARD = gnu99;
				GCC_DYNAMIC_NO_PIC = NO;
				GCC_OPTIMIZATION_LEVEL = 0;
				GCC_PREPROCESSOR_DEFINITIONS = (
					"DEBUG=1",
					"$(inherited)",
				);
				GCC_SYMBOLS_PRIVATE_EXTERN = NO;
				GCC_WARN_64_TO_32_BIT_CONVERSION = YES;
				GCC_WARN_ABOUT_RETURN_TYPE = YES_ERROR;
				GCC_WARN_UNDECLARED_SELECTOR = YES;
				GCC_WARN_UNINITIALIZED_AUTOS = YES_AGGRESSIVE;
				GCC_WARN_UNUSED_FUNCTION = YES;
				GCC_WARN_UNUSED_VARIABLE = YES;
				IPHONEOS_DEPLOYMENT_TARGET = 7.1;
				ONLY_ACTIVE_ARCH = YES;
				SDKROOT = iphoneos;
				TARGETED_DEVICE_FAMILY = "1,2";
			};
			name = Debug;
		};
		6003F5BE195388D20070C39A /* Release */ = {
			isa = XCBuildConfiguration;
			buildSettings = {
				ALWAYS_SEARCH_USER_PATHS = NO;
				CLANG_CXX_LANGUAGE_STANDARD = "gnu++0x";
				CLANG_CXX_LIBRARY = "libc++";
				CLANG_ENABLE_MODULES = YES;
				CLANG_ENABLE_OBJC_ARC = YES;
				CLANG_WARN_BOOL_CONVERSION = YES;
				CLANG_WARN_CONSTANT_CONVERSION = YES;
				CLANG_WARN_DIRECT_OBJC_ISA_USAGE = YES_ERROR;
				CLANG_WARN_EMPTY_BODY = YES;
				CLANG_WARN_ENUM_CONVERSION = YES;
				CLANG_WARN_INT_CONVERSION = YES;
				CLANG_WARN_OBJC_ROOT_CLASS = YES_ERROR;
				CLANG_WARN__DUPLICATE_METHOD_MATCH = YES;
				"CODE_SIGN_IDENTITY[sdk=iphoneos*]" = "iPhone Developer";
				COPY_PHASE_STRIP = YES;
				ENABLE_NS_ASSERTIONS = NO;
				GCC_C_LANGUAGE_STANDARD = gnu99;
				GCC_WARN_64_TO_32_BIT_CONVERSION = YES;
				GCC_WARN_ABOUT_RETURN_TYPE = YES_ERROR;
				GCC_WARN_UNDECLARED_SELECTOR = YES;
				GCC_WARN_UNINITIALIZED_AUTOS = YES_AGGRESSIVE;
				GCC_WARN_UNUSED_FUNCTION = YES;
				GCC_WARN_UNUSED_VARIABLE = YES;
				IPHONEOS_DEPLOYMENT_TARGET = 7.1;
				SDKROOT = iphoneos;
				TARGETED_DEVICE_FAMILY = "1,2";
				VALIDATE_PRODUCT = YES;
			};
			name = Release;
		};
		6003F5C0195388D20070C39A /* Debug */ = {
			isa = XCBuildConfiguration;
			baseConfigurationReference = 3C479818A14FEBCC069F76CA /* Pods-CSLabel_Example.debug.xcconfig */;
			buildSettings = {
				ASSETCATALOG_COMPILER_APPICON_NAME = AppIcon;
				GCC_PRECOMPILE_PREFIX_HEADER = YES;
				GCC_PREFIX_HEADER = "CSLabel/CSLabel-Prefix.pch";
				INFOPLIST_FILE = "CSLabel/CSLabel-Info.plist";
				IPHONEOS_DEPLOYMENT_TARGET = 8.1;
				MODULE_NAME = ExampleApp;
				PRODUCT_BUNDLE_IDENTIFIER = "org.cocoapods.demo.${PRODUCT_NAME:rfc1034identifier}";
				PRODUCT_NAME = "$(TARGET_NAME)";
				WRAPPER_EXTENSION = app;
			};
			name = Debug;
		};
		6003F5C1195388D20070C39A /* Release */ = {
			isa = XCBuildConfiguration;
			baseConfigurationReference = 880F30A2BFDFDD0D6B35EF01 /* Pods-CSLabel_Example.release.xcconfig */;
			buildSettings = {
				ASSETCATALOG_COMPILER_APPICON_NAME = AppIcon;
				GCC_PRECOMPILE_PREFIX_HEADER = YES;
				GCC_PREFIX_HEADER = "CSLabel/CSLabel-Prefix.pch";
				INFOPLIST_FILE = "CSLabel/CSLabel-Info.plist";
				IPHONEOS_DEPLOYMENT_TARGET = 8.1;
				MODULE_NAME = ExampleApp;
				PRODUCT_BUNDLE_IDENTIFIER = "org.cocoapods.demo.${PRODUCT_NAME:rfc1034identifier}";
				PRODUCT_NAME = "$(TARGET_NAME)";
				WRAPPER_EXTENSION = app;
			};
			name = Release;
		};
/* End XCBuildConfiguration section */

/* Begin XCConfigurationList section */
		6003F585195388D10070C39A /* Build configuration list for PBXProject "CSLabel" */ = {
			isa = XCConfigurationList;
			buildConfigurations = (
				6003F5BD195388D20070C39A /* Debug */,
				6003F5BE195388D20070C39A /* Release */,
			);
			defaultConfigurationIsVisible = 0;
			defaultConfigurationName = Release;
		};
		6003F5BF195388D20070C39A /* Build configuration list for PBXNativeTarget "CSLabel_Example" */ = {
			isa = XCConfigurationList;
			buildConfigurations = (
				6003F5C0195388D20070C39A /* Debug */,
				6003F5C1195388D20070C39A /* Release */,
			);
			defaultConfigurationIsVisible = 0;
			defaultConfigurationName = Release;
		};
/* End XCConfigurationList section */
	};
	rootObject = 6003F582195388D10070C39A /* Project object */;
}
